
Microsoft Visual Studio Solution File, Format Version 12.00
# Visual Studio 15
VisualStudioVersion = 15.0.27703.2042
MinimumVisualStudioVersion = 10.0.40219.1
Project("{FAE04EC0-301F-11D3-BF4B-00C04F79EFBC}") = "Aula3107_Console", "Aula3107_Console\Aula3107_Console.csproj", "{3EC4F496-4AD2-4C32-BF5D-DBABCD8FC1DA}"
EndProject
Project("{FAE04EC0-301F-11D3-BF4B-00C04F79EFBC}") = "Aula0208_POO", "Aula0208_POO\Aula0208_POO.csproj", "{39636970-8568-4BE9-81AD-FF09FDAC1641}"
EndProject
Project("{FAE04EC0-301F-11D3-BF4B-00C04F79EFBC}") = "Aula0708_WPF", "Aula0708_WPF\Aula0708_WPF.csproj", "{4863BC34-4977-459E-B1FE-F05E1ED03DCD}"
EndProject
Project("{FAE04EC0-301F-11D3-BF4B-00C04F79EFBC}") = "Aula1408_EF_Instalando", "Aula1408_EF_Instalando\Aula1408_EF_Instalando.csproj", "{DCA1DFFC-1B12-4F37-AB82-418C6570BFFE}"
EndProject
Project("{FAE04EC0-301F-11D3-BF4B-00C04F79EFBC}") = "Aula1608_EFDatabaseFirst", "Aula1608_EFDatabaseFirst\Aula1608_EFDatabaseFirst.csproj", "{5D26B3A4-334B-43FC-B04E-152D6B99276F}"
EndProject
Global
	GlobalSection(SolutionConfigurationPlatforms) = preSolution
		Debug|Any CPU = Debug|Any CPU
		Release|Any CPU = Release|Any CPU
	EndGlobalSection
	GlobalSection(ProjectConfigurationPlatforms) = postSolution
		{3EC4F496-4AD2-4C32-BF5D-DBABCD8FC1DA}.Debug|Any CPU.ActiveCfg = Debug|Any CPU
		{3EC4F496-4AD2-4C32-BF5D-DBABCD8FC1DA}.Debug|Any CPU.Build.0 = Debug|Any CPU
		{3EC4F496-4AD2-4C32-BF5D-DBABCD8FC1DA}.Release|Any CPU.ActiveCfg = Release|Any CPU
		{3EC4F496-4AD2-4C32-BF5D-DBABCD8FC1DA}.Release|Any CPU.Build.0 = Release|Any CPU
		{39636970-8568-4BE9-81AD-FF09FDAC1641}.Debug|Any CPU.ActiveCfg = Debug|Any CPU
		{39636970-8568-4BE9-81AD-FF09FDAC1641}.Debug|Any CPU.Build.0 = Debug|Any CPU
		{39636970-8568-4BE9-81AD-FF09FDAC1641}.Release|Any CPU.ActiveCfg = Release|Any CPU
		{39636970-8568-4BE9-81AD-FF09FDAC1641}.Release|Any CPU.Build.0 = Release|Any CPU
		{4863BC34-4977-459E-B1FE-F05E1ED03DCD}.Debug|Any CPU.ActiveCfg = Debug|Any CPU
		{4863BC34-4977-459E-B1FE-F05E1ED03DCD}.Debug|Any CPU.Build.0 = Debug|Any CPU
		{4863BC34-4977-459E-B1FE-F05E1ED03DCD}.Release|Any CPU.ActiveCfg = Release|Any CPU
		{4863BC34-4977-459E-B1FE-F05E1ED03DCD}.Release|Any CPU.Build.0 = Release|Any CPU
		{DCA1DFFC-1B12-4F37-AB82-418C6570BFFE}.Debug|Any CPU.ActiveCfg = Debug|Any CPU
		{DCA1DFFC-1B12-4F37-AB82-418C6570BFFE}.Debug|Any CPU.Build.0 = Debug|Any CPU
		{DCA1DFFC-1B12-4F37-AB82-418C6570BFFE}.Release|Any CPU.ActiveCfg = Release|Any CPU
		{DCA1DFFC-1B12-4F37-AB82-418C6570BFFE}.Release|Any CPU.Build.0 = Release|Any CPU
		{5D26B3A4-334B-43FC-B04E-152D6B99276F}.Debug|Any CPU.ActiveCfg = Debug|Any CPU
		{5D26B3A4-334B-43FC-B04E-152D6B99276F}.Debug|Any CPU.Build.0 = Debug|Any CPU
		{5D26B3A4-334B-43FC-B04E-152D6B99276F}.Release|Any CPU.ActiveCfg = Release|Any CPU
		{5D26B3A4-334B-43FC-B04E-152D6B99276F}.Release|Any CPU.Build.0 = Release|Any CPU
	EndGlobalSection
	GlobalSection(SolutionProperties) = preSolution
		HideSolutionNode = FALSE
	EndGlobalSection
	GlobalSection(ExtensibilityGlobals) = postSolution
		SolutionGuid = {FEDA68EB-55CC-4826-AF9C-417F6BC6CA87}
	EndGlobalSection
EndGlobal
