
Microsoft Visual Studio Solution File, Format Version 12.00
# Visual Studio 15
VisualStudioVersion = 15.0.27703.2042
MinimumVisualStudioVersion = 10.0.40219.1
Project("{FAE04EC0-301F-11D3-BF4B-00C04F79EFBC}") = "Aula3107_Console", "Aula3107_Console\Aula3107_Console.csproj", "{3EC4F496-4AD2-4C32-BF5D-DBABCD8FC1DA}"
EndProject
Project("{FAE04EC0-301F-11D3-BF4B-00C04F79EFBC}") = "Aula0208_POO", "Aula0208_POO\Aula0208_POO.csproj", "{39636970-8568-4BE9-81AD-FF09FDAC1641}"
EndProject
Global
	GlobalSection(SolutionConfigurationPlatforms) = preSolution
		Debug|Any CPU = Debug|Any CPU
		Release|Any CPU = Release|Any CPU
	EndGlobalSection
	GlobalSection(ProjectConfigurationPlatforms) = postSolution
		{3EC4F496-4AD2-4C32-BF5D-DBABCD8FC1DA}.Debug|Any CPU.ActiveCfg = Debug|Any CPU
		{3EC4F496-4AD2-4C32-BF5D-DBABCD8FC1DA}.Debug|Any CPU.Build.0 = Debug|Any CPU
		{3EC4F496-4AD2-4C32-BF5D-DBABCD8FC1DA}.Release|Any CPU.ActiveCfg = Release|Any CPU
		{3EC4F496-4AD2-4C32-BF5D-DBABCD8FC1DA}.Release|Any CPU.Build.0 = Release|Any CPU
		{39636970-8568-4BE9-81AD-FF09FDAC1641}.Debug|Any CPU.ActiveCfg = Debug|Any CPU
		{39636970-8568-4BE9-81AD-FF09FDAC1641}.Debug|Any CPU.Build.0 = Debug|Any CPU
		{39636970-8568-4BE9-81AD-FF09FDAC1641}.Release|Any CPU.ActiveCfg = Release|Any CPU
		{39636970-8568-4BE9-81AD-FF09FDAC1641}.Release|Any CPU.Build.0 = Release|Any CPU
	EndGlobalSection
	GlobalSection(SolutionProperties) = preSolution
		HideSolutionNode = FALSE
	EndGlobalSection
	GlobalSection(ExtensibilityGlobals) = postSolution
		SolutionGuid = {FEDA68EB-55CC-4826-AF9C-417F6BC6CA87}
	EndGlobalSection
EndGlobal
